// !$*UTF8*$!
{
	archiveVersion = 1;
	classes = {
	};
	objectVersion = 56;
	objects = {

/* Begin PBXBuildFile section */
		7D2C7FD62C21F59600C22533 /* AppDelegate.swift in Sources */ = {isa = PBXBuildFile; fileRef = 7D2C7FD52C21F59600C22533 /* AppDelegate.swift */; };
		7D2C7FD82C21F59600C22533 /* SceneDelegate.swift in Sources */ = {isa = PBXBuildFile; fileRef = 7D2C7FD72C21F59600C22533 /* SceneDelegate.swift */; };
		7D2C7FDA2C21F59600C22533 /* ViewController.swift in Sources */ = {isa = PBXBuildFile; fileRef = 7D2C7FD92C21F59600C22533 /* ViewController.swift */; };
		7D2C7FDD2C21F59600C22533 /* Main.storyboard in Resources */ = {isa = PBXBuildFile; fileRef = 7D2C7FDB2C21F59600C22533 /* Main.storyboard */; };
		7D2C7FDF2C21F59A00C22533 /* Assets.xcassets in Resources */ = {isa = PBXBuildFile; fileRef = 7D2C7FDE2C21F59A00C22533 /* Assets.xcassets */; };
		7D2C7FE22C21F59A00C22533 /* LaunchScreen.storyboard in Resources */ = {isa = PBXBuildFile; fileRef = 7D2C7FE02C21F59A00C22533 /* LaunchScreen.storyboard */; };
		7D2C7FEB2C21F62D00C22533 /* Devices.swift in Sources */ = {isa = PBXBuildFile; fileRef = 7D2C7FEA2C21F62D00C22533 /* Devices.swift */; };
		7D2C7FED2C22068E00C22533 /* CheckTableViewCell.swift in Sources */ = {isa = PBXBuildFile; fileRef = 7D2C7FEC2C22068E00C22533 /* CheckTableViewCell.swift */; };
		7D3C36502C25AEF400E0E6EE /* DeviceViewController.swift in Sources */ = {isa = PBXBuildFile; fileRef = 7D3C364F2C25AEF400E0E6EE /* DeviceViewController.swift */; };
/* End PBXBuildFile section */

/* Begin PBXFileReference section */
		7D2C7FD22C21F59600C22533 /* DevicesList.app */ = {isa = PBXFileReference; explicitFileType = wrapper.application; includeInIndex = 0; path = DevicesList.app; sourceTree = BUILT_PRODUCTS_DIR; };
		7D2C7FD52C21F59600C22533 /* AppDelegate.swift */ = {isa = PBXFileReference; lastKnownFileType = sourcecode.swift; path = AppDelegate.swift; sourceTree = "<group>"; };
		7D2C7FD72C21F59600C22533 /* SceneDelegate.swift */ = {isa = PBXFileReference; lastKnownFileType = sourcecode.swift; path = SceneDelegate.swift; sourceTree = "<group>"; };
		7D2C7FD92C21F59600C22533 /* ViewController.swift */ = {isa = PBXFileReference; lastKnownFileType = sourcecode.swift; path = ViewController.swift; sourceTree = "<group>"; };
		7D2C7FDC2C21F59600C22533 /* Base */ = {isa = PBXFileReference; lastKnownFileType = file.storyboard; name = Base; path = Base.lproj/Main.storyboard; sourceTree = "<group>"; };
		7D2C7FDE2C21F59A00C22533 /* Assets.xcassets */ = {isa = PBXFileReference; lastKnownFileType = folder.assetcatalog; path = Assets.xcassets; sourceTree = "<group>"; };
		7D2C7FE12C21F59A00C22533 /* Base */ = {isa = PBXFileReference; lastKnownFileType = file.storyboard; name = Base; path = Base.lproj/LaunchScreen.storyboard; sourceTree = "<group>"; };
		7D2C7FE32C21F59A00C22533 /* Info.plist */ = {isa = PBXFileReference; lastKnownFileType = text.plist.xml; path = Info.plist; sourceTree = "<group>"; };
		7D2C7FE92C21F5A400C22533 /* DevicesList.entitlements */ = {isa = PBXFileReference; lastKnownFileType = text.plist.entitlements; path = DevicesList.entitlements; sourceTree = "<group>"; };
		7D2C7FEA2C21F62D00C22533 /* Devices.swift */ = {isa = PBXFileReference; lastKnownFileType = sourcecode.swift; path = Devices.swift; sourceTree = "<group>"; };
		7D2C7FEC2C22068E00C22533 /* CheckTableViewCell.swift */ = {isa = PBXFileReference; lastKnownFileType = sourcecode.swift; path = CheckTableViewCell.swift; sourceTree = "<group>"; };
		7D3C364F2C25AEF400E0E6EE /* DeviceViewController.swift */ = {isa = PBXFileReference; lastKnownFileType = sourcecode.swift; path = DeviceViewController.swift; sourceTree = "<group>"; };
/* End PBXFileReference section */

/* Begin PBXFrameworksBuildPhase section */
		7D2C7FCF2C21F59600C22533 /* Frameworks */ = {
			isa = PBXFrameworksBuildPhase;
			buildActionMask = 2147483647;
			files = (
			);
			runOnlyForDeploymentPostprocessing = 0;
		};
/* End PBXFrameworksBuildPhase section */

/* Begin PBXGroup section */
		7D2C7FC92C21F59600C22533 = {
			isa = PBXGroup;
			children = (
				7D2C7FD42C21F59600C22533 /* DevicesList */,
				7D2C7FD32C21F59600C22533 /* Products */,
			);
			sourceTree = "<group>";
		};
		7D2C7FD32C21F59600C22533 /* Products */ = {
			isa = PBXGroup;
			children = (
				7D2C7FD22C21F59600C22533 /* DevicesList.app */,
			);
			name = Products;
			sourceTree = "<group>";
		};
		7D2C7FD42C21F59600C22533 /* DevicesList */ = {
			isa = PBXGroup;
			children = (
				7D2C7FE92C21F5A400C22533 /* DevicesList.entitlements */,
				7D2C7FD52C21F59600C22533 /* AppDelegate.swift */,
				7D2C7FD72C21F59600C22533 /* SceneDelegate.swift */,
				7D2C7FD92C21F59600C22533 /* ViewController.swift */,
				7D2C7FDB2C21F59600C22533 /* Main.storyboard */,
				7D2C7FDE2C21F59A00C22533 /* Assets.xcassets */,
				7D2C7FE02C21F59A00C22533 /* LaunchScreen.storyboard */,
				7D2C7FE32C21F59A00C22533 /* Info.plist */,
				7D2C7FEA2C21F62D00C22533 /* Devices.swift */,
				7D2C7FEC2C22068E00C22533 /* CheckTableViewCell.swift */,
				7D3C364F2C25AEF400E0E6EE /* DeviceViewController.swift */,
			);
			path = DevicesList;
			sourceTree = "<group>";
		};
/* End PBXGroup section */

/* Begin PBXNativeTarget section */
		7D2C7FD12C21F59600C22533 /* DevicesList */ = {
			isa = PBXNativeTarget;
			buildConfigurationList = 7D2C7FE62C21F59A00C22533 /* Build configuration list for PBXNativeTarget "DevicesList" */;
			buildPhases = (
				7D2C7FCE2C21F59600C22533 /* Sources */,
				7D2C7FCF2C21F59600C22533 /* Frameworks */,
				7D2C7FD02C21F59600C22533 /* Resources */,
			);
			buildRules = (
			);
			dependencies = (
			);
			name = DevicesList;
			productName = TodoList;
			productReference = 7D2C7FD22C21F59600C22533 /* DevicesList.app */;
			productType = "com.apple.product-type.application";
		};
/* End PBXNativeTarget section */

/* Begin PBXProject section */
		7D2C7FCA2C21F59600C22533 /* Project object */ = {
			isa = PBXProject;
			attributes = {
				BuildIndependentTargetsInParallel = 1;
				LastSwiftUpdateCheck = 1520;
				LastUpgradeCheck = 1520;
				TargetAttributes = {
					7D2C7FD12C21F59600C22533 = {
						CreatedOnToolsVersion = 15.2;
					};
				};
			};
			buildConfigurationList = 7D2C7FCD2C21F59600C22533 /* Build configuration list for PBXProject "DevicesList" */;
			compatibilityVersion = "Xcode 14.0";
			developmentRegion = en;
			hasScannedForEncodings = 0;
			knownRegions = (
				en,
				Base,
			);
			mainGroup = 7D2C7FC92C21F59600C22533;
			productRefGroup = 7D2C7FD32C21F59600C22533 /* Products */;
			projectDirPath = "";
			projectRoot = "";
			targets = (
				7D2C7FD12C21F59600C22533 /* DevicesList */,
			);
		};
/* End PBXProject section */

/* Begin PBXResourcesBuildPhase section */
		7D2C7FD02C21F59600C22533 /* Resources */ = {
			isa = PBXResourcesBuildPhase;
			buildActionMask = 2147483647;
			files = (
				7D2C7FE22C21F59A00C22533 /* LaunchScreen.storyboard in Resources */,
				7D2C7FDF2C21F59A00C22533 /* Assets.xcassets in Resources */,
				7D2C7FDD2C21F59600C22533 /* Main.storyboard in Resources */,
			);
			runOnlyForDeploymentPostprocessing = 0;
		};
/* End PBXResourcesBuildPhase section */

/* Begin PBXSourcesBuildPhase section */
		7D2C7FCE2C21F59600C22533 /* Sources */ = {
			isa = PBXSourcesBuildPhase;
			buildActionMask = 2147483647;
			files = (
				7D2C7FDA2C21F59600C22533 /* ViewController.swift in Sources */,
				7D3C36502C25AEF400E0E6EE /* DeviceViewController.swift in Sources */,
				7D2C7FED2C22068E00C22533 /* CheckTableViewCell.swift in Sources */,
				7D2C7FD62C21F59600C22533 /* AppDelegate.swift in Sources */,
				7D2C7FD82C21F59600C22533 /* SceneDelegate.swift in Sources */,
				7D2C7FEB2C21F62D00C22533 /* Devices.swift in Sources */,
			);
			runOnlyForDeploymentPostprocessing = 0;
		};
/* End PBXSourcesBuildPhase section */

/* Begin PBXVariantGroup section */
		7D2C7FDB2C21F59600C22533 /* Main.storyboard */ = {
			isa = PBXVariantGroup;
			children = (
				7D2C7FDC2C21F59600C22533 /* Base */,
			);
			name = Main.storyboard;
			sourceTree = "<group>";
		};
		7D2C7FE02C21F59A00C22533 /* LaunchScreen.storyboard */ = {
			isa = PBXVariantGroup;
			children = (
				7D2C7FE12C21F59A00C22533 /* Base */,
			);
			name = LaunchScreen.storyboard;
			sourceTree = "<group>";
		};
/* End PBXVariantGroup section */

/* Begin XCBuildConfiguration section */
		7D2C7FE42C21F59A00C22533 /* Debug */ = {
			isa = XCBuildConfiguration;
			buildSettings = {
				ALWAYS_SEARCH_USER_PATHS = NO;
				ASSETCATALOG_COMPILER_GENERATE_SWIFT_ASSET_SYMBOL_EXTENSIONS = YES;
				CLANG_ANALYZER_NONNULL = YES;
				CLANG_ANALYZER_NUMBER_OBJECT_CONVERSION = YES_AGGRESSIVE;
				CLANG_CXX_LANGUAGE_STANDARD = "gnu++20";
				CLANG_ENABLE_MODULES = YES;
				CLANG_ENABLE_OBJC_ARC = YES;
				CLANG_ENABLE_OBJC_WEAK = YES;
				CLANG_WARN_BLOCK_CAPTURE_AUTORELEASING = YES;
				CLANG_WARN_BOOL_CONVERSION = YES;
				CLANG_WARN_COMMA = YES;
				CLANG_WARN_CONSTANT_CONVERSION = YES;
				CLANG_WARN_DEPRECATED_OBJC_IMPLEMENTATIONS = YES;
				CLANG_WARN_DIRECT_OBJC_ISA_USAGE = YES_ERROR;
				CLANG_WARN_DOCUMENTATION_COMMENTS = YES;
				CLANG_WARN_EMPTY_BODY = YES;
				CLANG_WARN_ENUM_CONVERSION = YES;
				CLANG_WARN_INFINITE_RECURSION = YES;
				CLANG_WARN_INT_CONVERSION = YES;
				CLANG_WARN_NON_LITERAL_NULL_CONVERSION = YES;
				CLANG_WARN_OBJC_IMPLICIT_RETAIN_SELF = YES;
				CLANG_WARN_OBJC_LITERAL_CONVERSION = YES;
				CLANG_WARN_OBJC_ROOT_CLASS = YES_ERROR;
				CLANG_WARN_QUOTED_INCLUDE_IN_FRAMEWORK_HEADER = YES;
				CLANG_WARN_RANGE_LOOP_ANALYSIS = YES;
				CLANG_WARN_STRICT_PROTOTYPES = YES;
				CLANG_WARN_SUSPICIOUS_MOVE = YES;
				CLANG_WARN_UNGUARDED_AVAILABILITY = YES_AGGRESSIVE;
				CLANG_WARN_UNREACHABLE_CODE = YES;
				CLANG_WARN__DUPLICATE_METHOD_MATCH = YES;
				COPY_PHASE_STRIP = NO;
				DEBUG_INFORMATION_FORMAT = dwarf;
				ENABLE_STRICT_OBJC_MSGSEND = YES;
				ENABLE_TESTABILITY = YES;
				ENABLE_USER_SCRIPT_SANDBOXING = YES;
				GCC_C_LANGUAGE_STANDARD = gnu17;
				GCC_DYNAMIC_NO_PIC = NO;
				GCC_NO_COMMON_BLOCKS = YES;
				GCC_OPTIMIZATION_LEVEL = 0;
				GCC_PREPROCESSOR_DEFINITIONS = (
					"DEBUG=1",
					"$(inherited)",
				);
				GCC_WARN_64_TO_32_BIT_CONVERSION = YES;
				GCC_WARN_ABOUT_RETURN_TYPE = YES_ERROR;
				GCC_WARN_UNDECLARED_SELECTOR = YES;
				GCC_WARN_UNINITIALIZED_AUTOS = YES_AGGRESSIVE;
				GCC_WARN_UNUSED_FUNCTION = YES;
				GCC_WARN_UNUSED_VARIABLE = YES;
				IPHONEOS_DEPLOYMENT_TARGET = 13.6;
				LOCALIZATION_PREFERS_STRING_CATALOGS = YES;
				MTL_ENABLE_DEBUG_INFO = INCLUDE_SOURCE;
				MTL_FAST_MATH = YES;
				ONLY_ACTIVE_ARCH = YES;
				SDKROOT = iphoneos;
				SWIFT_ACTIVE_COMPILATION_CONDITIONS = "DEBUG $(inherited)";
				SWIFT_OPTIMIZATION_LEVEL = "-Onone";
			};
			name = Debug;
		};
		7D2C7FE52C21F59A00C22533 /* Release */ = {
			isa = XCBuildConfiguration;
			buildSettings = {
				ALWAYS_SEARCH_USER_PATHS = NO;
				ASSETCATALOG_COMPILER_GENERATE_SWIFT_ASSET_SYMBOL_EXTENSIONS = YES;
				CLANG_ANALYZER_NONNULL = YES;
				CLANG_ANALYZER_NUMBER_OBJECT_CONVERSION = YES_AGGRESSIVE;
				CLANG_CXX_LANGUAGE_STANDARD = "gnu++20";
				CLANG_ENABLE_MODULES = YES;
				CLANG_ENABLE_OBJC_ARC = YES;
				CLANG_ENABLE_OBJC_WEAK = YES;
				CLANG_WARN_BLOCK_CAPTURE_AUTORELEASING = YES;
				CLANG_WARN_BOOL_CONVERSION = YES;
				CLANG_WARN_COMMA = YES;
				CLANG_WARN_CONSTANT_CONVERSION = YES;
				CLANG_WARN_DEPRECATED_OBJC_IMPLEMENTATIONS = YES;
				CLANG_WARN_DIRECT_OBJC_ISA_USAGE = YES_ERROR;
				CLANG_WARN_DOCUMENTATION_COMMENTS = YES;
				CLANG_WARN_EMPTY_BODY = YES;
				CLANG_WARN_ENUM_CONVERSION = YES;
				CLANG_WARN_INFINITE_RECURSION = YES;
				CLANG_WARN_INT_CONVERSION = YES;
				CLANG_WARN_NON_LITERAL_NULL_CONVERSION = YES;
				CLANG_WARN_OBJC_IMPLICIT_RETAIN_SELF = YES;
				CLANG_WARN_OBJC_LITERAL_CONVERSION = YES;
				CLANG_WARN_OBJC_ROOT_CLASS = YES_ERROR;
				CLANG_WARN_QUOTED_INCLUDE_IN_FRAMEWORK_HEADER = YES;
				CLANG_WARN_RANGE_LOOP_ANALYSIS = YES;
				CLANG_WARN_STRICT_PROTOTYPES = YES;
				CLANG_WARN_SUSPICIOUS_MOVE = YES;
				CLANG_WARN_UNGUARDED_AVAILABILITY = YES_AGGRESSIVE;
				CLANG_WARN_UNREACHABLE_CODE = YES;
				CLANG_WARN__DUPLICATE_METHOD_MATCH = YES;
				COPY_PHASE_STRIP = NO;
				DEBUG_INFORMATION_FORMAT = "dwarf-with-dsym";
				ENABLE_NS_ASSERTIONS = NO;
				ENABLE_STRICT_OBJC_MSGSEND = YES;
				ENABLE_USER_SCRIPT_SANDBOXING = YES;
				GCC_C_LANGUAGE_STANDARD = gnu17;
				GCC_NO_COMMON_BLOCKS = YES;
				GCC_WARN_64_TO_32_BIT_CONVERSION = YES;
				GCC_WARN_ABOUT_RETURN_TYPE = YES_ERROR;
				GCC_WARN_UNDECLARED_SELECTOR = YES;
				GCC_WARN_UNINITIALIZED_AUTOS = YES_AGGRESSIVE;
				GCC_WARN_UNUSED_FUNCTION = YES;
				GCC_WARN_UNUSED_VARIABLE = YES;
				IPHONEOS_DEPLOYMENT_TARGET = 13.6;
				LOCALIZATION_PREFERS_STRING_CATALOGS = YES;
				MTL_ENABLE_DEBUG_INFO = NO;
				MTL_FAST_MATH = YES;
				SDKROOT = iphoneos;
				SWIFT_COMPILATION_MODE = wholemodule;
				VALIDATE_PRODUCT = YES;
			};
			name = Release;
		};
		7D2C7FE72C21F59A00C22533 /* Debug */ = {
			isa = XCBuildConfiguration;
			buildSettings = {
				ASSETCATALOG_COMPILER_APPICON_NAME = AppIcon;
				ASSETCATALOG_COMPILER_GLOBAL_ACCENT_COLOR_NAME = AccentColor;
				CODE_SIGN_ENTITLEMENTS = DevicesList/DevicesList.entitlements;
				"CODE_SIGN_IDENTITY[sdk=macosx*]" = "-";
				CODE_SIGN_STYLE = Automatic;
				CURRENT_PROJECT_VERSION = 1;
				GENERATE_INFOPLIST_FILE = YES;
				INFOPLIST_FILE = DevicesList/Info.plist;
				INFOPLIST_KEY_UIApplicationSupportsIndirectInputEvents = YES;
				INFOPLIST_KEY_UILaunchStoryboardName = LaunchScreen;
				INFOPLIST_KEY_UIMainStoryboardFile = Main;
				INFOPLIST_KEY_UISupportedInterfaceOrientations_iPad = "UIInterfaceOrientationPortrait UIInterfaceOrientationPortraitUpsideDown UIInterfaceOrientationLandscapeLeft UIInterfaceOrientationLandscapeRight";
				INFOPLIST_KEY_UISupportedInterfaceOrientations_iPhone = "UIInterfaceOrientationPortrait UIInterfaceOrientationLandscapeLeft UIInterfaceOrientationLandscapeRight";
				LD_RUNPATH_SEARCH_PATHS = (
					"$(inherited)",
					"@executable_path/Frameworks",
				);
				MARKETING_VERSION = 1.0;
				PRODUCT_BUNDLE_IDENTIFIER = com.testingthing.DevicesList;
				PRODUCT_NAME = "$(TARGET_NAME)";
				SUPPORTED_PLATFORMS = "iphoneos iphonesimulator";
				SUPPORTS_MACCATALYST = YES;
				SWIFT_EMIT_LOC_STRINGS = YES;
				SWIFT_VERSION = 5.0;
				TARGETED_DEVICE_FAMILY = "1,2";
			};
			name = Debug;
		};
		7D2C7FE82C21F59A00C22533 /* Release */ = {
			isa = XCBuildConfiguration;
			buildSettings = {
				ASSETCATALOG_COMPILER_APPICON_NAME = AppIcon;
				ASSETCATALOG_COMPILER_GLOBAL_ACCENT_COLOR_NAME = AccentColor;
				CODE_SIGN_ENTITLEMENTS = DevicesList/DevicesList.entitlements;
				"CODE_SIGN_IDENTITY[sdk=macosx*]" = "-";
				CODE_SIGN_STYLE = Automatic;
				CURRENT_PROJECT_VERSION = 1;
				GENERATE_INFOPLIST_FILE = YES;
				INFOPLIST_FILE = DevicesList/Info.plist;
				INFOPLIST_KEY_UIApplicationSupportsIndirectInputEvents = YES;
				INFOPLIST_KEY_UILaunchStoryboardName = LaunchScreen;
				INFOPLIST_KEY_UIMainStoryboardFile = Main;
				INFOPLIST_KEY_UISupportedInterfaceOrientations_iPad = "UIInterfaceOrientationPortrait UIInterfaceOrientationPortraitUpsideDown UIInterfaceOrientationLandscapeLeft UIInterfaceOrientationLandscapeRight";
				INFOPLIST_KEY_UISupportedInterfaceOrientations_iPhone = "UIInterfaceOrientationPortrait UIInterfaceOrientationLandscapeLeft UIInterfaceOrientationLandscapeRight";
				LD_RUNPATH_SEARCH_PATHS = (
					"$(inherited)",
					"@executable_path/Frameworks",
				);
				MARKETING_VERSION = 1.0;
				PRODUCT_BUNDLE_IDENTIFIER = com.testingthing.DevicesList;
				PRODUCT_NAME = "$(TARGET_NAME)";
				SUPPORTED_PLATFORMS = "iphoneos iphonesimulator";
				SUPPORTS_MACCATALYST = YES;
				SWIFT_EMIT_LOC_STRINGS = YES;
				SWIFT_VERSION = 5.0;
				TARGETED_DEVICE_FAMILY = "1,2";
			};
			name = Release;
		};
/* End XCBuildConfiguration section */

/* Begin XCConfigurationList section */
		7D2C7FCD2C21F59600C22533 /* Build configuration list for PBXProject "DevicesList" */ = {
			isa = XCConfigurationList;
			buildConfigurations = (
				7D2C7FE42C21F59A00C22533 /* Debug */,
				7D2C7FE52C21F59A00C22533 /* Release */,
			);
			defaultConfigurationIsVisible = 0;
			defaultConfigurationName = Release;
		};
		7D2C7FE62C21F59A00C22533 /* Build configuration list for PBXNativeTarget "DevicesList" */ = {
			isa = XCConfigurationList;
			buildConfigurations = (
				7D2C7FE72C21F59A00C22533 /* Debug */,
				7D2C7FE82C21F59A00C22533 /* Release */,
			);
			defaultConfigurationIsVisible = 0;
			defaultConfigurationName = Release;
		};
/* End XCConfigurationList section */
	};
	rootObject = 7D2C7FCA2C21F59600C22533 /* Project object */;
}
